
Microsoft Visual Studio Solution File, Format Version 12.00
# Visual Studio Version 16
VisualStudioVersion = 16.0.30011.22
MinimumVisualStudioVersion = 10.0.40219.1
Project("{9A19103F-16F7-4668-BE54-9A1E7A4F7556}") = "WindowChromeBug-clrcore", "WindowChromeBug-clrcore\WindowChromeBug-clrcore.csproj", "{2D675A00-9739-4B0D-B3BB-6A2986E92622}"
EndProject
Project("{FAE04EC0-301F-11D3-BF4B-00C04F79EFBC}") = "WindowChromeBug-clr", "WindowChromeBug-clr\WindowChromeBug-clr.csproj", "{23AE3696-CA9E-4824-A182-AA4B61767958}"
EndProject
Global
	GlobalSection(SolutionConfigurationPlatforms) = preSolution
		Debug|Any CPU = Debug|Any CPU
		Release|Any CPU = Release|Any CPU
	EndGlobalSection
	GlobalSection(ProjectConfigurationPlatforms) = postSolution
		{2D675A00-9739-4B0D-B3BB-6A2986E92622}.Debug|Any CPU.ActiveCfg = Debug|Any CPU
		{2D675A00-9739-4B0D-B3BB-6A2986E92622}.Debug|Any CPU.Build.0 = Debug|Any CPU
		{2D675A00-9739-4B0D-B3BB-6A2986E92622}.Release|Any CPU.ActiveCfg = Release|Any CPU
		{2D675A00-9739-4B0D-B3BB-6A2986E92622}.Release|Any CPU.Build.0 = Release|Any CPU
		{23AE3696-CA9E-4824-A182-AA4B61767958}.Debug|Any CPU.ActiveCfg = Debug|Any CPU
		{23AE3696-CA9E-4824-A182-AA4B61767958}.Debug|Any CPU.Build.0 = Debug|Any CPU
		{23AE3696-CA9E-4824-A182-AA4B61767958}.Release|Any CPU.ActiveCfg = Release|Any CPU
		{23AE3696-CA9E-4824-A182-AA4B61767958}.Release|Any CPU.Build.0 = Release|Any CPU
	EndGlobalSection
	GlobalSection(SolutionProperties) = preSolution
		HideSolutionNode = FALSE
	EndGlobalSection
	GlobalSection(ExtensibilityGlobals) = postSolution
		SolutionGuid = {FD1FD36C-1513-4A8A-AB2B-90846300BA94}
	EndGlobalSection
EndGlobal
